
Microsoft Visual Studio Solution File, Format Version 12.00
# Visual Studio Version 16
VisualStudioVersion = 17.0.31611.283
MinimumVisualStudioVersion = 10.0.40219.1
Project("{9A19103F-16F7-4668-BE54-9A1E7A4F7556}") = "MAUI.LearningManagement", "MAUI.LearningManagement\MAUI.LearningManagement.csproj", "{7A4BA595-D77E-4E5F-A8B8-64BAEA2067F0}"
EndProject
Project("{FAE04EC0-301F-11D3-BF4B-00C04F79EFBC}") = "MAUI.Library.LearningManagement", "MAUI.Library.LearningManagement\MAUI.Library.LearningManagement.csproj", "{40A9AD13-3D9E-44BA-B1E0-83C2E292063C}"
EndProject
Global
	GlobalSection(SolutionConfigurationPlatforms) = preSolution
		Debug|Any CPU = Debug|Any CPU
		Release|Any CPU = Release|Any CPU
	EndGlobalSection
	GlobalSection(ProjectConfigurationPlatforms) = postSolution
		{7A4BA595-D77E-4E5F-A8B8-64BAEA2067F0}.Debug|Any CPU.ActiveCfg = Debug|Any CPU
		{7A4BA595-D77E-4E5F-A8B8-64BAEA2067F0}.Debug|Any CPU.Build.0 = Debug|Any CPU
		{7A4BA595-D77E-4E5F-A8B8-64BAEA2067F0}.Debug|Any CPU.Deploy.0 = Debug|Any CPU
		{7A4BA595-D77E-4E5F-A8B8-64BAEA2067F0}.Release|Any CPU.ActiveCfg = Release|Any CPU
		{7A4BA595-D77E-4E5F-A8B8-64BAEA2067F0}.Release|Any CPU.Build.0 = Release|Any CPU
		{7A4BA595-D77E-4E5F-A8B8-64BAEA2067F0}.Release|Any CPU.Deploy.0 = Release|Any CPU
		{40A9AD13-3D9E-44BA-B1E0-83C2E292063C}.Debug|Any CPU.ActiveCfg = Debug|Any CPU
		{40A9AD13-3D9E-44BA-B1E0-83C2E292063C}.Debug|Any CPU.Build.0 = Debug|Any CPU
		{40A9AD13-3D9E-44BA-B1E0-83C2E292063C}.Release|Any CPU.ActiveCfg = Release|Any CPU
		{40A9AD13-3D9E-44BA-B1E0-83C2E292063C}.Release|Any CPU.Build.0 = Release|Any CPU
	EndGlobalSection
	GlobalSection(SolutionProperties) = preSolution
		HideSolutionNode = FALSE
	EndGlobalSection
	GlobalSection(ExtensibilityGlobals) = postSolution
		SolutionGuid = {61F7FB11-1E47-470C-91E2-47F8143E1572}
	EndGlobalSection
EndGlobal
